
Microsoft Visual Studio Solution File, Format Version 12.00
# Visual Studio 15
VisualStudioVersion = 15.0.28307.168
MinimumVisualStudioVersion = 10.0.40219.1
Project("{FAE04EC0-301F-11D3-BF4B-00C04F79EFBC}") = "assignmentfour", "assignmentfour\assignmentfour.csproj", "{9FF57B71-AF0F-4051-BEAC-A672CFC58D2B}"
EndProject
Global
	GlobalSection(SolutionConfigurationPlatforms) = preSolution
		Debug|Any CPU = Debug|Any CPU
		Release|Any CPU = Release|Any CPU
	EndGlobalSection
	GlobalSection(ProjectConfigurationPlatforms) = postSolution
		{9FF57B71-AF0F-4051-BEAC-A672CFC58D2B}.Debug|Any CPU.ActiveCfg = Debug|Any CPU
		{9FF57B71-AF0F-4051-BEAC-A672CFC58D2B}.Debug|Any CPU.Build.0 = Debug|Any CPU
		{9FF57B71-AF0F-4051-BEAC-A672CFC58D2B}.Release|Any CPU.ActiveCfg = Release|Any CPU
		{9FF57B71-AF0F-4051-BEAC-A672CFC58D2B}.Release|Any CPU.Build.0 = Release|Any CPU
	EndGlobalSection
	GlobalSection(SolutionProperties) = preSolution
		HideSolutionNode = FALSE
	EndGlobalSection
	GlobalSection(ExtensibilityGlobals) = postSolution
		SolutionGuid = {E4486AF3-7DE8-4EB1-BF33-691B888687EC}
	EndGlobalSection
EndGlobal
